
Microsoft Visual Studio Solution File, Format Version 12.00
# Visual Studio Version 17
VisualStudioVersion = 17.10.35013.160
MinimumVisualStudioVersion = 10.0.40219.1
Project("{FAE04EC0-301F-11D3-BF4B-00C04F79EFBC}") = "Examen1-Josue David-No.4", "Examen1-Josue David-No.4\Examen1-Josue David-No.4.csproj", "{F247E2D2-DE9B-4F18-8126-7BB62C443E9B}"
EndProject
Global
	GlobalSection(SolutionConfigurationPlatforms) = preSolution
		Debug|Any CPU = Debug|Any CPU
		Release|Any CPU = Release|Any CPU
	EndGlobalSection
	GlobalSection(ProjectConfigurationPlatforms) = postSolution
		{F247E2D2-DE9B-4F18-8126-7BB62C443E9B}.Debug|Any CPU.ActiveCfg = Debug|Any CPU
		{F247E2D2-DE9B-4F18-8126-7BB62C443E9B}.Debug|Any CPU.Build.0 = Debug|Any CPU
		{F247E2D2-DE9B-4F18-8126-7BB62C443E9B}.Release|Any CPU.ActiveCfg = Release|Any CPU
		{F247E2D2-DE9B-4F18-8126-7BB62C443E9B}.Release|Any CPU.Build.0 = Release|Any CPU
	EndGlobalSection
	GlobalSection(SolutionProperties) = preSolution
		HideSolutionNode = FALSE
	EndGlobalSection
	GlobalSection(ExtensibilityGlobals) = postSolution
		SolutionGuid = {1938752E-A844-4AC3-9D81-169DC8BB4BD7}
	EndGlobalSection
EndGlobal
